
Microsoft Visual Studio Solution File, Format Version 12.00
# Visual Studio Version 16
VisualStudioVersion = 16.0.30413.136
MinimumVisualStudioVersion = 10.0.40219.1
Project("{FAE04EC0-301F-11D3-BF4B-00C04F79EFBC}") = "SkalEF", "SkalEF\SkalEF.csproj", "{08047278-2E76-4A89-A05D-9D4D2130F5BA}"
EndProject
Global
	GlobalSection(SolutionConfigurationPlatforms) = preSolution
		Debug|Any CPU = Debug|Any CPU
		Release|Any CPU = Release|Any CPU
	EndGlobalSection
	GlobalSection(ProjectConfigurationPlatforms) = postSolution
		{08047278-2E76-4A89-A05D-9D4D2130F5BA}.Debug|Any CPU.ActiveCfg = Debug|Any CPU
		{08047278-2E76-4A89-A05D-9D4D2130F5BA}.Debug|Any CPU.Build.0 = Debug|Any CPU
		{08047278-2E76-4A89-A05D-9D4D2130F5BA}.Release|Any CPU.ActiveCfg = Release|Any CPU
		{08047278-2E76-4A89-A05D-9D4D2130F5BA}.Release|Any CPU.Build.0 = Release|Any CPU
	EndGlobalSection
	GlobalSection(SolutionProperties) = preSolution
		HideSolutionNode = FALSE
	EndGlobalSection
	GlobalSection(ExtensibilityGlobals) = postSolution
		SolutionGuid = {40D576AD-254D-455D-B941-231CC5825F17}
	EndGlobalSection
EndGlobal
